<?xml version="1.0" encoding="utf-8"?>
<Project ToolsVersion="4.0" xmlns="http://schemas.microsoft.com/developer/msbuild/2003">
  <ItemGroup>
    <Filter Include="Source Files">
      <UniqueIdentifier>{4FC737F1-C7A5-4376-A066-2A32D752A2FF}</UniqueIdentifier>
      <Extensions>cpp;c;cc;cxx;c++;cppm;ixx;def;odl;idl;hpj;bat;asm;asmx</Extensions>
    </Filter>
    <Filter Include="Header Files">
      <UniqueIdentifier>{93995380-89BD-4b04-88EB-625FBE52EBFB}</UniqueIdentifier>
      <Extensions>h;hh;hpp;hxx;h++;hm;inl;inc;ipp;xsd</Extensions>
    </Filter>
    <Filter Include="Resource Files">
      <UniqueIdentifier>{67DA6AB6-F800-4c08-8B7A-83BB121AAD01}</UniqueIdentifier>
      <Extensions>rc;ico;cur;bmp;dlg;rc2;rct;bin;rgs;gif;jpg;jpeg;jpe;resx;tiff;tif;png;wav;mfcribbon-ms</Extensions>
    </Filter>
    <Filter Include="Header Files\Cities">
      <UniqueIdentifier>{300b2ad6-3fe6-4c71-96c6-78d9bae7de64}</UniqueIdentifier>
    </Filter>
    <Filter Include="Header Files\Persons">
      <UniqueIdentifier>{6c53e337-78dd-41a2-8689-abd5e0baf85f}</UniqueIdentifier>
    </Filter>
    <Filter Include="Header Files\Phone Numbers">
      <UniqueIdentifier>{2dc91af2-4930-49ab-a955-18054118854f}</UniqueIdentifier>
    </Filter>
    <Filter Include="Header Files\Phone Types">
      <UniqueIdentifier>{bd8b37d9-bca0-4b66-b340-e9c87b1fb835}</UniqueIdentifier>
    </Filter>
    <Filter Include="Source Files\Cities">
      <UniqueIdentifier>{5853595b-8de5-44b8-b4ee-06285abe73fb}</UniqueIdentifier>
    </Filter>
    <Filter Include="Header Files\Helpers">
      <UniqueIdentifier>{8a12d485-7d00-4bcf-b4fb-42a426345efa}</UniqueIdentifier>
    </Filter>
    <Filter Include="Source Files\Helpers">
      <UniqueIdentifier>{1028459a-6946-49a6-8392-46c64bbcd0d3}</UniqueIdentifier>
    </Filter>
    <Filter Include="Header Files\MFC">
      <UniqueIdentifier>{eb58a518-36a4-4652-bf92-d904f607f6b2}</UniqueIdentifier>
    </Filter>
    <Filter Include="Source Files\Persons">
      <UniqueIdentifier>{2560ba8e-e198-49ae-9ac5-38cd1ec53cbe}</UniqueIdentifier>
    </Filter>
    <Filter Include="Source Files\Phone Types">
      <UniqueIdentifier>{9287920b-d86e-45fb-9604-eb2822b8097d}</UniqueIdentifier>
    </Filter>
    <Filter Include="Source Files\Phone Numbers">
      <UniqueIdentifier>{f5b6f3de-41d3-4b41-9351-d4b57261f966}</UniqueIdentifier>
    </Filter>
    <Filter Include="Source Files\MFC">
      <UniqueIdentifier>{70c0233c-5b2e-4feb-b6e8-6398484c0f3b}</UniqueIdentifier>
    </Filter>
  </ItemGroup>
  <ItemGroup>
    <ClInclude Include="CitiesDoc.h">
      <Filter>Header Files\Cities</Filter>
    </ClInclude>
    <ClInclude Include="CitiesView.h">
      <Filter>Header Files\Cities</Filter>
    </ClInclude>
    <ClInclude Include="CitiesAccessor.h">
      <Filter>Header Files\Cities</Filter>
    </ClInclude>
    <ClInclude Include="CitiesTable.h">
      <Filter>Header Files\Cities</Filter>
    </ClInclude>
    <ClInclude Include="Cities.h">
      <Filter>Header Files\Cities</Filter>
    </ClInclude>
    <ClInclude Include="CitiesData.h">
      <Filter>Header Files\Cities</Filter>
    </ClInclude>
    <ClInclude Include="Persons.h">
      <Filter>Header Files\Persons</Filter>
    </ClInclude>
    <ClInclude Include="PhoneNumbers.h">
      <Filter>Header Files\Phone Numbers</Filter>
    </ClInclude>
    <ClInclude Include="PhoneTypes.h">
      <Filter>Header Files\Phone Types</Filter>
    </ClInclude>
    <ClInclude Include="CitiesDialog.h">
      <Filter>Header Files\Cities</Filter>
    </ClInclude>
    <ClInclude Include="Validator.h">
      <Filter>Header Files\Helpers</Filter>
    </ClInclude>
    <ClInclude Include="CTypedPtrArraySelfClean.h">
      <Filter>Header Files\Helpers</Filter>
    </ClInclude>
    <ClInclude Include="PersonsAccessor.h">
      <Filter>Header Files\Persons</Filter>
    </ClInclude>
    <ClInclude Include="PhoneNumbersAccessor.h">
      <Filter>Header Files\Phone Numbers</Filter>
    </ClInclude>
    <ClInclude Include="PhoneTypesAccessor.h">
      <Filter>Header Files\Phone Types</Filter>
    </ClInclude>
    <ClInclude Include="ChildFrm.h">
      <Filter>Header Files\MFC</Filter>
    </ClInclude>
    <ClInclude Include="framework.h">
      <Filter>Header Files\MFC</Filter>
    </ClInclude>
    <ClInclude Include="MainFrm.h">
      <Filter>Header Files\MFC</Filter>
    </ClInclude>
    <ClInclude Include="pch.h">
      <Filter>Header Files\MFC</Filter>
    </ClInclude>
    <ClInclude Include="PhoneBookLts.h">
      <Filter>Header Files\MFC</Filter>
    </ClInclude>
    <ClInclude Include="Resource.h">
      <Filter>Header Files\MFC</Filter>
    </ClInclude>
    <ClInclude Include="targetver.h">
      <Filter>Header Files\MFC</Filter>
    </ClInclude>
    <ClInclude Include="Table.h">
      <Filter>Header Files\Helpers</Filter>
    </ClInclude>
    <ClInclude Include="PersonTable.h">
      <Filter>Header Files\Persons</Filter>
    </ClInclude>
    <ClInclude Include="PersonData.h">
      <Filter>Header Files\Persons</Filter>
    </ClInclude>
    <ClInclude Include="PersonView.h">
      <Filter>Header Files\Persons</Filter>
    </ClInclude>
    <ClInclude Include="PersonDoc.h">
      <Filter>Header Files\Persons</Filter>
    </ClInclude>
    <ClInclude Include="PhoneNumbersTable.h">
      <Filter>Header Files\Phone Numbers</Filter>
    </ClInclude>
    <ClInclude Include="PhoneTypesTable.h">
      <Filter>Header Files\Phone Types</Filter>
    </ClInclude>
    <ClInclude Include="PersonDialog.h">
      <Filter>Header Files\Persons</Filter>
    </ClInclude>
    <ClInclude Include="CPerson.h">
      <Filter>Header Files\Persons</Filter>
    </ClInclude>
    <ClInclude Include="DataBaseSingleton.h">
      <Filter>Header Files\Helpers</Filter>
    </ClInclude>
    <ClInclude Include="PhonesCListCtrlDialog.h">
      <Filter>Header Files</Filter>
    </ClInclude>
  </ItemGroup>
  <ItemGroup>
    <ClCompile Include="CitiesDoc.cpp">
      <Filter>Source Files\Cities</Filter>
    </ClCompile>
    <ClCompile Include="CitiesView.cpp">
      <Filter>Source Files\Cities</Filter>
    </ClCompile>
    <ClCompile Include="CitiesData.cpp">
      <Filter>Source Files\Cities</Filter>
    </ClCompile>
    <ClCompile Include="CitiesTable.cpp">
      <Filter>Source Files\Cities</Filter>
    </ClCompile>
    <ClCompile Include="CitiesDialog.cpp">
      <Filter>Source Files\Cities</Filter>
    </ClCompile>
    <ClCompile Include="Validator.cpp">
      <Filter>Source Files\Helpers</Filter>
    </ClCompile>
    <ClCompile Include="ChildFrm.cpp">
      <Filter>Source Files\MFC</Filter>
    </ClCompile>
    <ClCompile Include="MainFrm.cpp">
      <Filter>Source Files\MFC</Filter>
    </ClCompile>
    <ClCompile Include="pch.cpp">
      <Filter>Source Files\MFC</Filter>
    </ClCompile>
    <ClCompile Include="PersonTable.cpp">
      <Filter>Source Files\Persons</Filter>
    </ClCompile>
    <ClCompile Include="PersonData.cpp">
      <Filter>Source Files\Persons</Filter>
    </ClCompile>
    <ClCompile Include="PersonView.cpp">
      <Filter>Source Files\Persons</Filter>
    </ClCompile>
    <ClCompile Include="PersonDoc.cpp">
      <Filter>Source Files\Persons</Filter>
    </ClCompile>
    <ClCompile Include="PhoneNumbersTable.cpp">
      <Filter>Source Files\Phone Numbers</Filter>
    </ClCompile>
    <ClCompile Include="PhoneTypesTable.cpp">
      <Filter>Source Files\Phone Types</Filter>
    </ClCompile>
    <ClCompile Include="PersonDialog.cpp">
      <Filter>Source Files\Persons</Filter>
    </ClCompile>
    <ClCompile Include="PhonesCListCtrlDialog.cpp">
      <Filter>Source Files</Filter>
    </ClCompile>
    <ClCompile Include="PhoneBookLts.cpp">
      <Filter>Source Files\MFC</Filter>
    </ClCompile>
  </ItemGroup>
  <ItemGroup>
    <ResourceCompile Include="PhoneBookLts.rc">
      <Filter>Resource Files</Filter>
    </ResourceCompile>
  </ItemGroup>
  <ItemGroup>
    <Image Include="res\userimages.bmp">
      <Filter>Resource Files</Filter>
    </Image>
    <Image Include="res\PhoneBookLtsDoc.ico">
      <Filter>Resource Files</Filter>
    </Image>
    <Image Include="res\PhoneBookLts.ico">
      <Filter>Resource Files</Filter>
    </Image>
    <Image Include="res\Toolbar.bmp">
      <Filter>Resource Files</Filter>
    </Image>
    <Image Include="res\Toolbar256.bmp">
      <Filter>Resource Files</Filter>
    </Image>
    <Image Include="res\icon1.ico">
      <Filter>Resource Files</Filter>
    </Image>
  </ItemGroup>
  <ItemGroup>
    <None Include="res\PhoneBookLts.rc2">
      <Filter>Resource Files</Filter>
    </None>
  </ItemGroup>
</Project>